
Microsoft Visual Studio Solution File, Format Version 12.00
# Visual Studio Version 17
VisualStudioVersion = 17.2.32526.322
MinimumVisualStudioVersion = 10.0.40219.1
Project("{FAE04EC0-301F-11D3-BF4B-00C04F79EFBC}") = "NTTDATA.API.MOVIMIENTO", "NTTDATA.API.MOVIMIENTO\NTTDATA.API.MOVIMIENTO.csproj", "{D29970E0-3C3F-4357-99BA-BC18EED430D1}"
EndProject
Project("{2150E333-8FDC-42A3-9474-1A3956D46DE8}") = "1 WEB", "1 WEB", "{C65CAF19-9D71-40E8-A547-4D187E77967B}"
EndProject
Project("{2150E333-8FDC-42A3-9474-1A3956D46DE8}") = "1.1 API", "1.1 API", "{148311B1-26F2-423D-B06B-F31FB0FB3C99}"
EndProject
Project("{2150E333-8FDC-42A3-9474-1A3956D46DE8}") = "2 APPLICATION", "2 APPLICATION", "{598AB596-586F-44D3-8CD2-8DC3A00A4A01}"
EndProject
Project("{FAE04EC0-301F-11D3-BF4B-00C04F79EFBC}") = "NTTDATA.APPLICATION", "NTTDATA.APPLICATION\NTTDATA.APPLICATION.csproj", "{732680FB-5FB6-431C-876B-A6B0CAC724D2}"
EndProject
Project("{2150E333-8FDC-42A3-9474-1A3956D46DE8}") = "3 DOMAIN", "3 DOMAIN", "{BB7F8592-2DF2-40B8-ABDB-098A08E5B0CE}"
EndProject
Project("{FAE04EC0-301F-11D3-BF4B-00C04F79EFBC}") = "NTTDATA.DOMAIN", "NTTDATA.DOMAIN\NTTDATA.DOMAIN.csproj", "{0448B45D-0ADB-40B7-B5B9-AD987445D397}"
EndProject
Project("{2150E333-8FDC-42A3-9474-1A3956D46DE8}") = "4 INFRAESTRUCTURE", "4 INFRAESTRUCTURE", "{45040880-7C92-43B2-BA64-476873603C8C}"
EndProject
Project("{2150E333-8FDC-42A3-9474-1A3956D46DE8}") = "4.1 REPOSITORY", "4.1 REPOSITORY", "{978F7FFB-F37F-497E-B121-18A53757F886}"
EndProject
Project("{FAE04EC0-301F-11D3-BF4B-00C04F79EFBC}") = "NTTDATA.INFRA.REPOSITORY.SQLSERVER", "NTTDATA.INFRA.REPOSITORY.SQLSERVER\NTTDATA.INFRA.REPOSITORY.SQLSERVER.csproj", "{4D473D13-83BF-4381-A0EA-0CAAD9DA4B60}"
EndProject
Project("{2150E333-8FDC-42A3-9474-1A3956D46DE8}") = "5 QUERY", "5 QUERY", "{43A620D5-9E8D-42CE-BB5A-2CDC1DF8B485}"
EndProject
Project("{2150E333-8FDC-42A3-9474-1A3956D46DE8}") = "5.1 QUERY", "5.1 QUERY", "{323923AF-7661-43E3-B0A3-4C83A255A58F}"
EndProject
Project("{2150E333-8FDC-42A3-9474-1A3956D46DE8}") = "5.2 QUERY SERVICE", "5.2 QUERY SERVICE", "{3F39120A-CD91-46B4-9FC0-B36F6154AF7C}"
EndProject
Project("{FAE04EC0-301F-11D3-BF4B-00C04F79EFBC}") = "NTTDATA.QUERY", "NTTDATA.QUERY\NTTDATA.QUERY.csproj", "{F837E875-85D0-4184-B575-461A3E6611A5}"
EndProject
Project("{FAE04EC0-301F-11D3-BF4B-00C04F79EFBC}") = "NTTDATA.QUERY.SQLSERVER", "NTTDATA.QUERY.SQLSERVER\NTTDATA.QUERY.SQLSERVER.csproj", "{40261CDA-1764-4AD1-8B6E-892E63252D41}"
EndProject
Global
	GlobalSection(SolutionConfigurationPlatforms) = preSolution
		Debug|Any CPU = Debug|Any CPU
		Release|Any CPU = Release|Any CPU
	EndGlobalSection
	GlobalSection(ProjectConfigurationPlatforms) = postSolution
		{D29970E0-3C3F-4357-99BA-BC18EED430D1}.Debug|Any CPU.ActiveCfg = Debug|Any CPU
		{D29970E0-3C3F-4357-99BA-BC18EED430D1}.Debug|Any CPU.Build.0 = Debug|Any CPU
		{D29970E0-3C3F-4357-99BA-BC18EED430D1}.Release|Any CPU.ActiveCfg = Release|Any CPU
		{D29970E0-3C3F-4357-99BA-BC18EED430D1}.Release|Any CPU.Build.0 = Release|Any CPU
		{732680FB-5FB6-431C-876B-A6B0CAC724D2}.Debug|Any CPU.ActiveCfg = Debug|Any CPU
		{732680FB-5FB6-431C-876B-A6B0CAC724D2}.Debug|Any CPU.Build.0 = Debug|Any CPU
		{732680FB-5FB6-431C-876B-A6B0CAC724D2}.Release|Any CPU.ActiveCfg = Release|Any CPU
		{732680FB-5FB6-431C-876B-A6B0CAC724D2}.Release|Any CPU.Build.0 = Release|Any CPU
		{0448B45D-0ADB-40B7-B5B9-AD987445D397}.Debug|Any CPU.ActiveCfg = Debug|Any CPU
		{0448B45D-0ADB-40B7-B5B9-AD987445D397}.Debug|Any CPU.Build.0 = Debug|Any CPU
		{0448B45D-0ADB-40B7-B5B9-AD987445D397}.Release|Any CPU.ActiveCfg = Release|Any CPU
		{0448B45D-0ADB-40B7-B5B9-AD987445D397}.Release|Any CPU.Build.0 = Release|Any CPU
		{4D473D13-83BF-4381-A0EA-0CAAD9DA4B60}.Debug|Any CPU.ActiveCfg = Debug|Any CPU
		{4D473D13-83BF-4381-A0EA-0CAAD9DA4B60}.Debug|Any CPU.Build.0 = Debug|Any CPU
		{4D473D13-83BF-4381-A0EA-0CAAD9DA4B60}.Release|Any CPU.ActiveCfg = Release|Any CPU
		{4D473D13-83BF-4381-A0EA-0CAAD9DA4B60}.Release|Any CPU.Build.0 = Release|Any CPU
		{F837E875-85D0-4184-B575-461A3E6611A5}.Debug|Any CPU.ActiveCfg = Debug|Any CPU
		{F837E875-85D0-4184-B575-461A3E6611A5}.Debug|Any CPU.Build.0 = Debug|Any CPU
		{F837E875-85D0-4184-B575-461A3E6611A5}.Release|Any CPU.ActiveCfg = Release|Any CPU
		{F837E875-85D0-4184-B575-461A3E6611A5}.Release|Any CPU.Build.0 = Release|Any CPU
		{40261CDA-1764-4AD1-8B6E-892E63252D41}.Debug|Any CPU.ActiveCfg = Debug|Any CPU
		{40261CDA-1764-4AD1-8B6E-892E63252D41}.Debug|Any CPU.Build.0 = Debug|Any CPU
		{40261CDA-1764-4AD1-8B6E-892E63252D41}.Release|Any CPU.ActiveCfg = Release|Any CPU
		{40261CDA-1764-4AD1-8B6E-892E63252D41}.Release|Any CPU.Build.0 = Release|Any CPU
	EndGlobalSection
	GlobalSection(SolutionProperties) = preSolution
		HideSolutionNode = FALSE
	EndGlobalSection
	GlobalSection(NestedProjects) = preSolution
		{D29970E0-3C3F-4357-99BA-BC18EED430D1} = {148311B1-26F2-423D-B06B-F31FB0FB3C99}
		{148311B1-26F2-423D-B06B-F31FB0FB3C99} = {C65CAF19-9D71-40E8-A547-4D187E77967B}
		{732680FB-5FB6-431C-876B-A6B0CAC724D2} = {598AB596-586F-44D3-8CD2-8DC3A00A4A01}
		{0448B45D-0ADB-40B7-B5B9-AD987445D397} = {BB7F8592-2DF2-40B8-ABDB-098A08E5B0CE}
		{978F7FFB-F37F-497E-B121-18A53757F886} = {45040880-7C92-43B2-BA64-476873603C8C}
		{4D473D13-83BF-4381-A0EA-0CAAD9DA4B60} = {978F7FFB-F37F-497E-B121-18A53757F886}
		{323923AF-7661-43E3-B0A3-4C83A255A58F} = {43A620D5-9E8D-42CE-BB5A-2CDC1DF8B485}
		{3F39120A-CD91-46B4-9FC0-B36F6154AF7C} = {43A620D5-9E8D-42CE-BB5A-2CDC1DF8B485}
		{F837E875-85D0-4184-B575-461A3E6611A5} = {323923AF-7661-43E3-B0A3-4C83A255A58F}
		{40261CDA-1764-4AD1-8B6E-892E63252D41} = {3F39120A-CD91-46B4-9FC0-B36F6154AF7C}
	EndGlobalSection
	GlobalSection(ExtensibilityGlobals) = postSolution
		SolutionGuid = {5526B56F-6A19-4C21-B062-6E5FE4302EA8}
	EndGlobalSection
EndGlobal
